
Microsoft Visual Studio Solution File, Format Version 12.00
# Visual Studio Version 17
VisualStudioVersion = 17.13.35818.85 d17.13
MinimumVisualStudioVersion = 10.0.40219.1
Project("{FAE04EC0-301F-11D3-BF4B-00C04F79EFBC}") = "Class_navrh.DAL", "Class_navrh.DAL\Class_navrh.DAL.csproj", "{A704D61A-8430-4E71-86ED-02E5D9CB40B0}"
EndProject
Project("{FAE04EC0-301F-11D3-BF4B-00C04F79EFBC}") = "test.DAL.Tests", "test.DAL.Tests\test.DAL.Tests.csproj", "{C849B17A-36BA-4F94-BADF-48AF02AAA0E6}"
EndProject
Global
	GlobalSection(SolutionConfigurationPlatforms) = preSolution
		Debug|Any CPU = Debug|Any CPU
		Release|Any CPU = Release|Any CPU
	EndGlobalSection
	GlobalSection(ProjectConfigurationPlatforms) = postSolution
		{A704D61A-8430-4E71-86ED-02E5D9CB40B0}.Debug|Any CPU.ActiveCfg = Debug|Any CPU
		{A704D61A-8430-4E71-86ED-02E5D9CB40B0}.Debug|Any CPU.Build.0 = Debug|Any CPU
		{A704D61A-8430-4E71-86ED-02E5D9CB40B0}.Release|Any CPU.ActiveCfg = Release|Any CPU
		{A704D61A-8430-4E71-86ED-02E5D9CB40B0}.Release|Any CPU.Build.0 = Release|Any CPU
		{C849B17A-36BA-4F94-BADF-48AF02AAA0E6}.Debug|Any CPU.ActiveCfg = Debug|Any CPU
		{C849B17A-36BA-4F94-BADF-48AF02AAA0E6}.Debug|Any CPU.Build.0 = Debug|Any CPU
		{C849B17A-36BA-4F94-BADF-48AF02AAA0E6}.Release|Any CPU.ActiveCfg = Release|Any CPU
		{C849B17A-36BA-4F94-BADF-48AF02AAA0E6}.Release|Any CPU.Build.0 = Release|Any CPU
	EndGlobalSection
	GlobalSection(SolutionProperties) = preSolution
		HideSolutionNode = FALSE
	EndGlobalSection
	GlobalSection(ExtensibilityGlobals) = postSolution
		SolutionGuid = {38D26E4D-45EC-42FA-BA83-549ABA8690D7}
	EndGlobalSection
EndGlobal
